PODS:
  - FacebookCore (0.8.0):
    - FBSDKCoreKit (~> 5.0)
  - FacebookLogin (0.8.0):
    - FacebookCore (~> 0.8.0)
    - FBSDKCoreKit (~> 5.0)
    - FBSDKLoginKit (~> 5.0)
  - FacebookShare (0.8.0):
    - FacebookCore (~> 0.8.0)
    - FBSDKCoreKit (~> 5.0)
    - FBSDKShareKit (~> 5.0)
  - FBSDKCoreKit (5.2.3):
    - FBSDKCoreKit/Basics (= 5.2.3)
    - FBSDKCoreKit/Core (= 5.2.3)
  - FBSDKCoreKit/Basics (5.2.3)
  - FBSDKCoreKit/Core (5.2.3):
    - FBSDKCoreKit/Basics
  - FBSDKLoginKit (5.2.3):
    - FBSDKCoreKit (~> 5.0)
  - FBSDKShareKit (5.2.3):
    - FBSDKCoreKit (~> 5.0)
  - RxCocoa (5.0.0):
    - RxRelay (~> 5)
    - RxSwift (~> 5)
  - RxRelay (5.0.0):
    - RxSwift (~> 5)
  - RxSwift (5.0.0)
  - RxTheme (4.0.0):
    - RxCocoa (~> 5.0)
    - RxSwift (~> 5.0)
  - TinyConstraints (4.0.1)

DEPENDENCIES:
  - FacebookCore
  - FacebookLogin
  - FacebookShare
  - FBSDKLoginKit
  - RxTheme
  - TinyConstraints

SPEC REPOS:
  https://github.com/cocoapods/specs.git:
    - FacebookCore
    - FacebookLogin
    - FacebookShare
    - FBSDKCoreKit
    - FBSDKLoginKit
    - FBSDKShareKit
    - RxCocoa
    - RxRelay
    - RxSwift
    - RxTheme
    - TinyConstraints

SPEC CHECKSUMS:
  FacebookCore: 563bb4cbcd7dd86cf89f3729252140bf256aacaa
  FacebookLogin: 8b966ae661e95e7dba837d7cc49cc464ce003dba
  FacebookShare: e75d5e81ef7bd7aab2f865446c4c27015b43bae6
  FBSDKCoreKit: 5154c35d9058fd7dfa0445ba19e194c4b172fc32
  FBSDKLoginKit: dc98b6bf12334f1a42f28d0457fffc9aa3d1eca5
  FBSDKShareKit: 6f9c622f9a5d051f43f2dab6f753d5198422b89c
  RxCocoa: fcf32050ac00d801f34a7f71d5e8e7f23026dcd8
  RxRelay: 4f7409406a51a55cd88483f21ed898c234d60f18
  RxSwift: 8b0671caa829a763bbce7271095859121cbd895f
  RxTheme: 0b642f47c7d197a803c6b9c083964188c34f7ddb
  TinyConstraints: 8dd91295e56797648c7bc335dd20e1d91ec4c192

PODFILE CHECKSUM: a473d077a6850b4145c9ad39be0153364889e6a0

COCOAPODS: 1.7.5
