// !$*UTF8*$!
{
	archiveVersion = 1;
	classes = {
	};
	objectVersion = 51;
	objects = {

/* Begin PBXBuildFile section */
		07F3D3BF7B776148D55F1FA8 /* Pods_mm_app_ios.framework in Frameworks */ = {isa = PBXBuildFile; fileRef = 03C24D40C3591D84EB1DF17C /* Pods_mm_app_ios.framework */; };
		B68B1EB722F06B85009310A2 /* meioMensagem.png in Resources */ = {isa = PBXBuildFile; fileRef = B68B1EB622F06B85009310A2 /* meioMensagem.png */; };
		B68B1EBB22F097DE009310A2 /* Login.storyboard in Resources */ = {isa = PBXBuildFile; fileRef = B68B1EBA22F097DE009310A2 /* Login.storyboard */; };
		B68B1EBF22F09FFD009310A2 /* TesteStoryView.swift in Sources */ = {isa = PBXBuildFile; fileRef = B68B1EBE22F09FFD009310A2 /* TesteStoryView.swift */; };
		B68B1EC222F0D323009310A2 /* Colors.xcassets in Resources */ = {isa = PBXBuildFile; fileRef = B68B1EC122F0D323009310A2 /* Colors.xcassets */; };
		B68B1EC422F0D4DD009310A2 /* DarkThemeViewController.swift in Sources */ = {isa = PBXBuildFile; fileRef = B68B1EC322F0D4DD009310A2 /* DarkThemeViewController.swift */; };
		B68B1EC622F0D849009310A2 /* Theme.swift in Sources */ = {isa = PBXBuildFile; fileRef = B68B1EC522F0D849009310A2 /* Theme.swift */; };
		B68B1EE922F0E6D3009310A2 /* RxTheme+.swift in Sources */ = {isa = PBXBuildFile; fileRef = B68B1EE822F0E6D3009310A2 /* RxTheme+.swift */; };
		B68B1EEE22F0EDBD009310A2 /* PreferenceAndConfig.storyboard in Resources */ = {isa = PBXBuildFile; fileRef = B68B1EED22F0EDBD009310A2 /* PreferenceAndConfig.storyboard */; };
		B69DC2CA22EA0A5C00C8F142 /* UserTermViewController.swift in Sources */ = {isa = PBXBuildFile; fileRef = B69DC2C922EA0A5C00C8F142 /* UserTermViewController.swift */; };
		B69DC2D322EB37B400C8F142 /* iconCheckoff@2x.png in Resources */ = {isa = PBXBuildFile; fileRef = B69DC2D222EB37B400C8F142 /* iconCheckoff@2x.png */; };
		B69DC2D522EB3D1600C8F142 /* SpringButtom.swift in Sources */ = {isa = PBXBuildFile; fileRef = B69DC2D422EB3D1600C8F142 /* SpringButtom.swift */; };
		B69DC2D722EB3D8C00C8F142 /* Spring.swift in Sources */ = {isa = PBXBuildFile; fileRef = B69DC2D622EB3D8C00C8F142 /* Spring.swift */; };
		B69DC2D922EB3DBC00C8F142 /* SpringAnimation.swift in Sources */ = {isa = PBXBuildFile; fileRef = B69DC2D822EB3DBC00C8F142 /* SpringAnimation.swift */; };
		B69DC2DB22EB3DE300C8F142 /* SpringImageView.swift in Sources */ = {isa = PBXBuildFile; fileRef = B69DC2DA22EB3DE300C8F142 /* SpringImageView.swift */; };
		B69DC2DE22EB3E1400C8F142 /* SpringLabel.swift in Sources */ = {isa = PBXBuildFile; fileRef = B69DC2DD22EB3E1400C8F142 /* SpringLabel.swift */; };
		B69DC2E022EB3E3A00C8F142 /* SpringTextField.swift in Sources */ = {isa = PBXBuildFile; fileRef = B69DC2DF22EB3E3A00C8F142 /* SpringTextField.swift */; };
		B69DC2E222EB3E6500C8F142 /* SpringTextView.swift in Sources */ = {isa = PBXBuildFile; fileRef = B69DC2E122EB3E6500C8F142 /* SpringTextView.swift */; };
		B69DC2E422EB3E9300C8F142 /* SpringView.swift in Sources */ = {isa = PBXBuildFile; fileRef = B69DC2E322EB3E9300C8F142 /* SpringView.swift */; };
		B69DC2E822EB433C00C8F142 /* iconCheckOn@2x.png in Resources */ = {isa = PBXBuildFile; fileRef = B69DC2E722EB433C00C8F142 /* iconCheckOn@2x.png */; };
		B6AEF82F22EB852B00C86800 /* GoogleService-Info-2.plist in Resources */ = {isa = PBXBuildFile; fileRef = B6AEF82E22EB852B00C86800 /* GoogleService-Info-2.plist */; };
		B6B5B44A22E77A55004BBF81 /* AppDelegate.swift in Sources */ = {isa = PBXBuildFile; fileRef = B6B5B44922E77A55004BBF81 /* AppDelegate.swift */; };
		B6B5B44C22E77A55004BBF81 /* HomeViewController.swift in Sources */ = {isa = PBXBuildFile; fileRef = B6B5B44B22E77A55004BBF81 /* HomeViewController.swift */; };
		B6B5B44F22E77A55004BBF81 /* Main.storyboard in Resources */ = {isa = PBXBuildFile; fileRef = B6B5B44D22E77A55004BBF81 /* Main.storyboard */; };
		B6B5B45222E77A55004BBF81 /* mm_app_ios.xcdatamodeld in Sources */ = {isa = PBXBuildFile; fileRef = B6B5B45022E77A55004BBF81 /* mm_app_ios.xcdatamodeld */; };
		B6B5B45422E77A58004BBF81 /* Assets.xcassets in Resources */ = {isa = PBXBuildFile; fileRef = B6B5B45322E77A58004BBF81 /* Assets.xcassets */; };
		B6B5B45722E77A58004BBF81 /* LaunchScreen.storyboard in Resources */ = {isa = PBXBuildFile; fileRef = B6B5B45522E77A58004BBF81 /* LaunchScreen.storyboard */; };
		B6B5B45F22E77C16004BBF81 /* MenuViewController.swift in Sources */ = {isa = PBXBuildFile; fileRef = B6B5B45E22E77C16004BBF81 /* MenuViewController.swift */; };
		B6B5B46122E78B20004BBF81 /* SlideInTransition.swift in Sources */ = {isa = PBXBuildFile; fileRef = B6B5B46022E78B20004BBF81 /* SlideInTransition.swift */; };
		B6B5B46822E8C8D3004BBF81 /* 41528940_241462876494767_8632959559543993127_n.jpg in Resources */ = {isa = PBXBuildFile; fileRef = B6B5B46722E8C8D3004BBF81 /* 41528940_241462876494767_8632959559543993127_n.jpg */; };
		B6B5B46A22E8CF64004BBF81 /* headerBranco@2x.png in Resources */ = {isa = PBXBuildFile; fileRef = B6B5B46922E8CF64004BBF81 /* headerBranco@2x.png */; };
		B6B5B48522E8F4F7004BBF81 /* group@2x.png in Resources */ = {isa = PBXBuildFile; fileRef = B6B5B48422E8F4F7004BBF81 /* group@2x.png */; };
		B6B5B48722E8FC75004BBF81 /* LoginViewController.swift in Sources */ = {isa = PBXBuildFile; fileRef = B6B5B48622E8FC75004BBF81 /* LoginViewController.swift */; };
		B6B74ACB22E9D455001261B3 /* CadastroViewController.swift in Sources */ = {isa = PBXBuildFile; fileRef = B6B74ACA22E9D455001261B3 /* CadastroViewController.swift */; };
		B6B74ACD22E9D571001261B3 /* ValidationViewController.swift in Sources */ = {isa = PBXBuildFile; fileRef = B6B74ACC22E9D571001261B3 /* ValidationViewController.swift */; };
/* End PBXBuildFile section */

/* Begin PBXFileReference section */
		03C24D40C3591D84EB1DF17C /* Pods_mm_app_ios.framework */ = {isa = PBXFileReference; explicitFileType = wrapper.framework; includeInIndex = 0; path = Pods_mm_app_ios.framework; sourceTree = BUILT_PRODUCTS_DIR; };
		80F0A74DCB9F3FEFD5D974CA /* Pods-mm-app-ios.debug.xcconfig */ = {isa = PBXFileReference; includeInIndex = 1; lastKnownFileType = text.xcconfig; name = "Pods-mm-app-ios.debug.xcconfig"; path = "Target Support Files/Pods-mm-app-ios/Pods-mm-app-ios.debug.xcconfig"; sourceTree = "<group>"; };
		834153118F4E1737552448B1 /* Pods-mm-app-ios.release.xcconfig */ = {isa = PBXFileReference; includeInIndex = 1; lastKnownFileType = text.xcconfig; name = "Pods-mm-app-ios.release.xcconfig"; path = "Target Support Files/Pods-mm-app-ios/Pods-mm-app-ios.release.xcconfig"; sourceTree = "<group>"; };
		B68B1EB622F06B85009310A2 /* meioMensagem.png */ = {isa = PBXFileReference; lastKnownFileType = image.png; path = meioMensagem.png; sourceTree = "<group>"; };
		B68B1EBA22F097DE009310A2 /* Login.storyboard */ = {isa = PBXFileReference; lastKnownFileType = file.storyboard; path = Login.storyboard; sourceTree = "<group>"; };
		B68B1EBE22F09FFD009310A2 /* TesteStoryView.swift */ = {isa = PBXFileReference; lastKnownFileType = sourcecode.swift; path = TesteStoryView.swift; sourceTree = "<group>"; };
		B68B1EC122F0D323009310A2 /* Colors.xcassets */ = {isa = PBXFileReference; lastKnownFileType = folder.assetcatalog; path = Colors.xcassets; sourceTree = "<group>"; };
		B68B1EC322F0D4DD009310A2 /* DarkThemeViewController.swift */ = {isa = PBXFileReference; lastKnownFileType = sourcecode.swift; path = DarkThemeViewController.swift; sourceTree = "<group>"; };
		B68B1EC522F0D849009310A2 /* Theme.swift */ = {isa = PBXFileReference; lastKnownFileType = sourcecode.swift; path = Theme.swift; sourceTree = "<group>"; };
		B68B1EE822F0E6D3009310A2 /* RxTheme+.swift */ = {isa = PBXFileReference; lastKnownFileType = sourcecode.swift; path = "RxTheme+.swift"; sourceTree = "<group>"; };
		B68B1EED22F0EDBD009310A2 /* PreferenceAndConfig.storyboard */ = {isa = PBXFileReference; lastKnownFileType = file.storyboard; path = PreferenceAndConfig.storyboard; sourceTree = "<group>"; };
		B69DC2C922EA0A5C00C8F142 /* UserTermViewController.swift */ = {isa = PBXFileReference; lastKnownFileType = sourcecode.swift; path = UserTermViewController.swift; sourceTree = "<group>"; };
		B69DC2D222EB37B400C8F142 /* iconCheckoff@2x.png */ = {isa = PBXFileReference; lastKnownFileType = image.png; path = "iconCheckoff@2x.png"; sourceTree = "<group>"; };
		B69DC2D422EB3D1600C8F142 /* SpringButtom.swift */ = {isa = PBXFileReference; lastKnownFileType = sourcecode.swift; path = SpringButtom.swift; sourceTree = "<group>"; };
		B69DC2D622EB3D8C00C8F142 /* Spring.swift */ = {isa = PBXFileReference; lastKnownFileType = sourcecode.swift; path = Spring.swift; sourceTree = "<group>"; };
		B69DC2D822EB3DBC00C8F142 /* SpringAnimation.swift */ = {isa = PBXFileReference; lastKnownFileType = sourcecode.swift; path = SpringAnimation.swift; sourceTree = "<group>"; };
		B69DC2DA22EB3DE300C8F142 /* SpringImageView.swift */ = {isa = PBXFileReference; lastKnownFileType = sourcecode.swift; path = SpringImageView.swift; sourceTree = "<group>"; };
		B69DC2DD22EB3E1400C8F142 /* SpringLabel.swift */ = {isa = PBXFileReference; lastKnownFileType = sourcecode.swift; path = SpringLabel.swift; sourceTree = "<group>"; };
		B69DC2DF22EB3E3A00C8F142 /* SpringTextField.swift */ = {isa = PBXFileReference; lastKnownFileType = sourcecode.swift; path = SpringTextField.swift; sourceTree = "<group>"; };
		B69DC2E122EB3E6500C8F142 /* SpringTextView.swift */ = {isa = PBXFileReference; lastKnownFileType = sourcecode.swift; path = SpringTextView.swift; sourceTree = "<group>"; };
		B69DC2E322EB3E9300C8F142 /* SpringView.swift */ = {isa = PBXFileReference; lastKnownFileType = sourcecode.swift; path = SpringView.swift; sourceTree = "<group>"; };
		B69DC2E722EB433C00C8F142 /* iconCheckOn@2x.png */ = {isa = PBXFileReference; lastKnownFileType = image.png; path = "iconCheckOn@2x.png"; sourceTree = "<group>"; };
		B6AEF82E22EB852B00C86800 /* GoogleService-Info-2.plist */ = {isa = PBXFileReference; fileEncoding = 4; lastKnownFileType = text.plist.xml; path = "GoogleService-Info-2.plist"; sourceTree = "<group>"; };
		B6B5B44622E77A55004BBF81 /* mm-app-ios.app */ = {isa = PBXFileReference; explicitFileType = wrapper.application; includeInIndex = 0; path = "mm-app-ios.app"; sourceTree = BUILT_PRODUCTS_DIR; };
		B6B5B44922E77A55004BBF81 /* AppDelegate.swift */ = {isa = PBXFileReference; lastKnownFileType = sourcecode.swift; path = AppDelegate.swift; sourceTree = "<group>"; };
		B6B5B44B22E77A55004BBF81 /* HomeViewController.swift */ = {isa = PBXFileReference; lastKnownFileType = sourcecode.swift; path = HomeViewController.swift; sourceTree = "<group>"; };
		B6B5B44E22E77A55004BBF81 /* Base */ = {isa = PBXFileReference; lastKnownFileType = file.storyboard; name = Base; path = Base.lproj/Main.storyboard; sourceTree = "<group>"; };
		B6B5B45122E77A55004BBF81 /* mm_app_ios.xcdatamodel */ = {isa = PBXFileReference; lastKnownFileType = wrapper.xcdatamodel; path = mm_app_ios.xcdatamodel; sourceTree = "<group>"; };
		B6B5B45322E77A58004BBF81 /* Assets.xcassets */ = {isa = PBXFileReference; lastKnownFileType = folder.assetcatalog; path = Assets.xcassets; sourceTree = "<group>"; };
		B6B5B45622E77A58004BBF81 /* Base */ = {isa = PBXFileReference; lastKnownFileType = file.storyboard; name = Base; path = Base.lproj/LaunchScreen.storyboard; sourceTree = "<group>"; };
		B6B5B45822E77A58004BBF81 /* Info.plist */ = {isa = PBXFileReference; lastKnownFileType = text.plist.xml; path = Info.plist; sourceTree = "<group>"; };
		B6B5B45E22E77C16004BBF81 /* MenuViewController.swift */ = {isa = PBXFileReference; lastKnownFileType = sourcecode.swift; path = MenuViewController.swift; sourceTree = "<group>"; };
		B6B5B46022E78B20004BBF81 /* SlideInTransition.swift */ = {isa = PBXFileReference; lastKnownFileType = sourcecode.swift; path = SlideInTransition.swift; sourceTree = "<group>"; };
		B6B5B46722E8C8D3004BBF81 /* 41528940_241462876494767_8632959559543993127_n.jpg */ = {isa = PBXFileReference; lastKnownFileType = image.jpeg; path = 41528940_241462876494767_8632959559543993127_n.jpg; sourceTree = "<group>"; };
		B6B5B46922E8CF64004BBF81 /* headerBranco@2x.png */ = {isa = PBXFileReference; lastKnownFileType = image.png; path = "headerBranco@2x.png"; sourceTree = "<group>"; };
		B6B5B47222E8F1EA004BBF81 /* Roboto-ThinItalic.ttf */ = {isa = PBXFileReference; lastKnownFileType = file; path = "Roboto-ThinItalic.ttf"; sourceTree = "<group>"; };
		B6B5B47322E8F1EA004BBF81 /* Roboto-Regular.ttf */ = {isa = PBXFileReference; lastKnownFileType = file; path = "Roboto-Regular.ttf"; sourceTree = "<group>"; };
		B6B5B47422E8F1EA004BBF81 /* Roboto-Thin.ttf */ = {isa = PBXFileReference; lastKnownFileType = file; path = "Roboto-Thin.ttf"; sourceTree = "<group>"; };
		B6B5B47522E8F1EA004BBF81 /* Roboto-BlackItalic.ttf */ = {isa = PBXFileReference; lastKnownFileType = file; path = "Roboto-BlackItalic.ttf"; sourceTree = "<group>"; };
		B6B5B47622E8F1EB004BBF81 /* Roboto-LightItalic.ttf */ = {isa = PBXFileReference; lastKnownFileType = file; path = "Roboto-LightItalic.ttf"; sourceTree = "<group>"; };
		B6B5B47722E8F1EB004BBF81 /* Roboto-Medium.ttf */ = {isa = PBXFileReference; lastKnownFileType = file; path = "Roboto-Medium.ttf"; sourceTree = "<group>"; };
		B6B5B47822E8F1EB004BBF81 /* RobotoCondensed-LightItalic.ttf */ = {isa = PBXFileReference; lastKnownFileType = file; path = "RobotoCondensed-LightItalic.ttf"; sourceTree = "<group>"; };
		B6B5B47922E8F1EB004BBF81 /* RobotoCondensed-Regular.ttf */ = {isa = PBXFileReference; lastKnownFileType = file; path = "RobotoCondensed-Regular.ttf"; sourceTree = "<group>"; };
		B6B5B47A22E8F1EB004BBF81 /* Roboto-Italic.ttf */ = {isa = PBXFileReference; lastKnownFileType = file; path = "Roboto-Italic.ttf"; sourceTree = "<group>"; };
		B6B5B47B22E8F1EB004BBF81 /* RobotoCondensed-Italic.ttf */ = {isa = PBXFileReference; lastKnownFileType = file; path = "RobotoCondensed-Italic.ttf"; sourceTree = "<group>"; };
		B6B5B47C22E8F1EB004BBF81 /* RobotoCondensed-Bold.ttf */ = {isa = PBXFileReference; lastKnownFileType = file; path = "RobotoCondensed-Bold.ttf"; sourceTree = "<group>"; };
		B6B5B47D22E8F1EB004BBF81 /* Roboto-Black.ttf */ = {isa = PBXFileReference; lastKnownFileType = file; path = "Roboto-Black.ttf"; sourceTree = "<group>"; };
		B6B5B47E22E8F1EB004BBF81 /* Roboto-MediumItalic.ttf */ = {isa = PBXFileReference; lastKnownFileType = file; path = "Roboto-MediumItalic.ttf"; sourceTree = "<group>"; };
		B6B5B47F22E8F1EC004BBF81 /* Roboto-BoldItalic.ttf */ = {isa = PBXFileReference; lastKnownFileType = file; path = "Roboto-BoldItalic.ttf"; sourceTree = "<group>"; };
		B6B5B48022E8F1EC004BBF81 /* Roboto-Bold.ttf */ = {isa = PBXFileReference; lastKnownFileType = file; path = "Roboto-Bold.ttf"; sourceTree = "<group>"; };
		B6B5B48122E8F1EC004BBF81 /* RobotoCondensed-BoldItalic.ttf */ = {isa = PBXFileReference; lastKnownFileType = file; path = "RobotoCondensed-BoldItalic.ttf"; sourceTree = "<group>"; };
		B6B5B48222E8F1EC004BBF81 /* RobotoCondensed-Light.ttf */ = {isa = PBXFileReference; lastKnownFileType = file; path = "RobotoCondensed-Light.ttf"; sourceTree = "<group>"; };
		B6B5B48322E8F1EC004BBF81 /* Roboto-Light.ttf */ = {isa = PBXFileReference; lastKnownFileType = file; path = "Roboto-Light.ttf"; sourceTree = "<group>"; };
		B6B5B48422E8F4F7004BBF81 /* group@2x.png */ = {isa = PBXFileReference; lastKnownFileType = image.png; path = "group@2x.png"; sourceTree = "<group>"; };
		B6B5B48622E8FC75004BBF81 /* LoginViewController.swift */ = {isa = PBXFileReference; lastKnownFileType = sourcecode.swift; path = LoginViewController.swift; sourceTree = "<group>"; };
		B6B74ACA22E9D455001261B3 /* CadastroViewController.swift */ = {isa = PBXFileReference; lastKnownFileType = sourcecode.swift; path = CadastroViewController.swift; sourceTree = "<group>"; };
		B6B74ACC22E9D571001261B3 /* ValidationViewController.swift */ = {isa = PBXFileReference; lastKnownFileType = sourcecode.swift; path = ValidationViewController.swift; sourceTree = "<group>"; };
/* End PBXFileReference section */

/* Begin PBXFrameworksBuildPhase section */
		B6B5B44322E77A55004BBF81 /* Frameworks */ = {
			isa = PBXFrameworksBuildPhase;
			buildActionMask = 2147483647;
			files = (
				07F3D3BF7B776148D55F1FA8 /* Pods_mm_app_ios.framework in Frameworks */,
			);
			runOnlyForDeploymentPostprocessing = 0;
		};
/* End PBXFrameworksBuildPhase section */

/* Begin PBXGroup section */
		3071263233C9000E34D55472 /* Frameworks */ = {
			isa = PBXGroup;
			children = (
				03C24D40C3591D84EB1DF17C /* Pods_mm_app_ios.framework */,
			);
			name = Frameworks;
			sourceTree = "<group>";
		};
		B68B1EC022F0CD52009310A2 /* ThemaDark */ = {
			isa = PBXGroup;
			children = (
				B68B1EC322F0D4DD009310A2 /* DarkThemeViewController.swift */,
				B68B1EC522F0D849009310A2 /* Theme.swift */,
				B68B1EE822F0E6D3009310A2 /* RxTheme+.swift */,
			);
			path = ThemaDark;
			sourceTree = "<group>";
		};
		B68B1EEC22F0ED8A009310A2 /* PreferenceAndConfig */ = {
			isa = PBXGroup;
			children = (
				B68B1EED22F0EDBD009310A2 /* PreferenceAndConfig.storyboard */,
			);
			path = PreferenceAndConfig;
			sourceTree = "<group>";
		};
		B69DC2C822EA0A3200C8F142 /* View */ = {
			isa = PBXGroup;
			children = (
				B69DC2C922EA0A5C00C8F142 /* UserTermViewController.swift */,
			);
			path = View;
			sourceTree = "<group>";
		};
		B6AEF83022EF1F2300C86800 /* ViewModel */ = {
			isa = PBXGroup;
			children = (
			);
			path = ViewModel;
			sourceTree = "<group>";
		};
		B6AEF83B22EF352200C86800 /* View */ = {
			isa = PBXGroup;
			children = (
				B6B5B48622E8FC75004BBF81 /* LoginViewController.swift */,
				B6B74ACA22E9D455001261B3 /* CadastroViewController.swift */,
				B6B74ACC22E9D571001261B3 /* ValidationViewController.swift */,
			);
			path = View;
			sourceTree = "<group>";
		};
		B6B5B43D22E77A55004BBF81 = {
			isa = PBXGroup;
			children = (
				B6B5B44822E77A55004BBF81 /* mm-app-ios */,
				B6B5B44722E77A55004BBF81 /* Products */,
				E258E872FC06260D848BE629 /* Pods */,
				3071263233C9000E34D55472 /* Frameworks */,
			);
			sourceTree = "<group>";
		};
		B6B5B44722E77A55004BBF81 /* Products */ = {
			isa = PBXGroup;
			children = (
				B6B5B44622E77A55004BBF81 /* mm-app-ios.app */,
			);
			name = Products;
			sourceTree = "<group>";
		};
		B6B5B44822E77A55004BBF81 /* mm-app-ios */ = {
			isa = PBXGroup;
			children = (
				B68B1EEC22F0ED8A009310A2 /* PreferenceAndConfig */,
				B68B1EC022F0CD52009310A2 /* ThemaDark */,
				B69DC2C822EA0A3200C8F142 /* View */,
				B6B74AC922E9D36B001261B3 /* Login */,
				B6B5B46422E8C517004BBF81 /* Home */,
				B6B5B44922E77A55004BBF81 /* AppDelegate.swift */,
				B68B1EBE22F09FFD009310A2 /* TesteStoryView.swift */,
				B6B5B44D22E77A55004BBF81 /* Main.storyboard */,
				B6B5B45322E77A58004BBF81 /* Assets.xcassets */,
				B6B5B45522E77A58004BBF81 /* LaunchScreen.storyboard */,
				B6B5B45822E77A58004BBF81 /* Info.plist */,
				B6B5B45022E77A55004BBF81 /* mm_app_ios.xcdatamodeld */,
				B6B5B46922E8CF64004BBF81 /* headerBranco@2x.png */,
				B6B5B46722E8C8D3004BBF81 /* 41528940_241462876494767_8632959559543993127_n.jpg */,
				B6B5B48422E8F4F7004BBF81 /* group@2x.png */,
				B69DC2E722EB433C00C8F142 /* iconCheckOn@2x.png */,
				B69DC2D222EB37B400C8F142 /* iconCheckoff@2x.png */,
				B6AEF82E22EB852B00C86800 /* GoogleService-Info-2.plist */,
				B68B1EB622F06B85009310A2 /* meioMensagem.png */,
				B6B5B47122E8F1AD004BBF81 /* Font */,
				B69DC2D622EB3D8C00C8F142 /* Spring.swift */,
				B69DC2D822EB3DBC00C8F142 /* SpringAnimation.swift */,
				B69DC2D422EB3D1600C8F142 /* SpringButtom.swift */,
				B69DC2DA22EB3DE300C8F142 /* SpringImageView.swift */,
				B69DC2DD22EB3E1400C8F142 /* SpringLabel.swift */,
				B69DC2DF22EB3E3A00C8F142 /* SpringTextField.swift */,
				B69DC2E122EB3E6500C8F142 /* SpringTextView.swift */,
				B69DC2E322EB3E9300C8F142 /* SpringView.swift */,
				B68B1EC122F0D323009310A2 /* Colors.xcassets */,
			);
			path = "mm-app-ios";
			sourceTree = "<group>";
		};
		B6B5B46422E8C517004BBF81 /* Home */ = {
			isa = PBXGroup;
			children = (
				B6B5B44B22E77A55004BBF81 /* HomeViewController.swift */,
				B6B5B45E22E77C16004BBF81 /* MenuViewController.swift */,
				B6B5B46022E78B20004BBF81 /* SlideInTransition.swift */,
			);
			path = Home;
			sourceTree = "<group>";
		};
		B6B5B47122E8F1AD004BBF81 /* Font */ = {
			isa = PBXGroup;
			children = (
				B6B5B47D22E8F1EB004BBF81 /* Roboto-Black.ttf */,
				B6B5B47522E8F1EA004BBF81 /* Roboto-BlackItalic.ttf */,
				B6B5B48022E8F1EC004BBF81 /* Roboto-Bold.ttf */,
				B6B5B47F22E8F1EC004BBF81 /* Roboto-BoldItalic.ttf */,
				B6B5B47A22E8F1EB004BBF81 /* Roboto-Italic.ttf */,
				B6B5B48322E8F1EC004BBF81 /* Roboto-Light.ttf */,
				B6B5B47622E8F1EB004BBF81 /* Roboto-LightItalic.ttf */,
				B6B5B47722E8F1EB004BBF81 /* Roboto-Medium.ttf */,
				B6B5B47E22E8F1EB004BBF81 /* Roboto-MediumItalic.ttf */,
				B6B5B47322E8F1EA004BBF81 /* Roboto-Regular.ttf */,
				B6B5B47422E8F1EA004BBF81 /* Roboto-Thin.ttf */,
				B6B5B47222E8F1EA004BBF81 /* Roboto-ThinItalic.ttf */,
				B6B5B47C22E8F1EB004BBF81 /* RobotoCondensed-Bold.ttf */,
				B6B5B48122E8F1EC004BBF81 /* RobotoCondensed-BoldItalic.ttf */,
				B6B5B47B22E8F1EB004BBF81 /* RobotoCondensed-Italic.ttf */,
				B6B5B48222E8F1EC004BBF81 /* RobotoCondensed-Light.ttf */,
				B6B5B47822E8F1EB004BBF81 /* RobotoCondensed-LightItalic.ttf */,
				B6B5B47922E8F1EB004BBF81 /* RobotoCondensed-Regular.ttf */,
			);
			path = Font;
			sourceTree = "<group>";
		};
		B6B74AC922E9D36B001261B3 /* Login */ = {
			isa = PBXGroup;
			children = (
				B6AEF83B22EF352200C86800 /* View */,
				B6AEF83022EF1F2300C86800 /* ViewModel */,
				B68B1EBA22F097DE009310A2 /* Login.storyboard */,
			);
			path = Login;
			sourceTree = "<group>";
		};
		E258E872FC06260D848BE629 /* Pods */ = {
			isa = PBXGroup;
			children = (
				80F0A74DCB9F3FEFD5D974CA /* Pods-mm-app-ios.debug.xcconfig */,
				834153118F4E1737552448B1 /* Pods-mm-app-ios.release.xcconfig */,
			);
			path = Pods;
			sourceTree = "<group>";
		};
/* End PBXGroup section */

/* Begin PBXNativeTarget section */
		B6B5B44522E77A55004BBF81 /* mm-app-ios */ = {
			isa = PBXNativeTarget;
			buildConfigurationList = B6B5B45B22E77A58004BBF81 /* Build configuration list for PBXNativeTarget "mm-app-ios" */;
			buildPhases = (
				0DC3BB5F0337FF0C04672334 /* [CP] Check Pods Manifest.lock */,
				B6B5B44222E77A55004BBF81 /* Sources */,
				B6B5B44322E77A55004BBF81 /* Frameworks */,
				B6B5B44422E77A55004BBF81 /* Resources */,
				9026260C54356C14D4A5CDD8 /* [CP] Embed Pods Frameworks */,
			);
			buildRules = (
			);
			dependencies = (
			);
			name = "mm-app-ios";
			productName = "mm-app-ios";
			productReference = B6B5B44622E77A55004BBF81 /* mm-app-ios.app */;
			productType = "com.apple.product-type.application";
		};
/* End PBXNativeTarget section */

/* Begin PBXProject section */
		B6B5B43E22E77A55004BBF81 /* Project object */ = {
			isa = PBXProject;
			attributes = {
				LastSwiftUpdateCheck = 1020;
				LastUpgradeCheck = 1020;
				ORGANIZATIONNAME = "Megaleios DEV";
				TargetAttributes = {
					B6B5B44522E77A55004BBF81 = {
						CreatedOnToolsVersion = 10.2.1;
					};
				};
			};
			buildConfigurationList = B6B5B44122E77A55004BBF81 /* Build configuration list for PBXProject "mm-app-ios" */;
			compatibilityVersion = "Xcode 9.3";
			developmentRegion = en;
			hasScannedForEncodings = 0;
			knownRegions = (
				en,
				Base,
			);
			mainGroup = B6B5B43D22E77A55004BBF81;
			productRefGroup = B6B5B44722E77A55004BBF81 /* Products */;
			projectDirPath = "";
			projectRoot = "";
			targets = (
				B6B5B44522E77A55004BBF81 /* mm-app-ios */,
			);
		};
/* End PBXProject section */

/* Begin PBXResourcesBuildPhase section */
		B6B5B44422E77A55004BBF81 /* Resources */ = {
			isa = PBXResourcesBuildPhase;
			buildActionMask = 2147483647;
			files = (
				B6B5B45722E77A58004BBF81 /* LaunchScreen.storyboard in Resources */,
				B6B5B46A22E8CF64004BBF81 /* headerBranco@2x.png in Resources */,
				B6B5B45422E77A58004BBF81 /* Assets.xcassets in Resources */,
				B69DC2E822EB433C00C8F142 /* iconCheckOn@2x.png in Resources */,
				B68B1EEE22F0EDBD009310A2 /* PreferenceAndConfig.storyboard in Resources */,
				B68B1EB722F06B85009310A2 /* meioMensagem.png in Resources */,
				B6B5B46822E8C8D3004BBF81 /* 41528940_241462876494767_8632959559543993127_n.jpg in Resources */,
				B6AEF82F22EB852B00C86800 /* GoogleService-Info-2.plist in Resources */,
				B69DC2D322EB37B400C8F142 /* iconCheckoff@2x.png in Resources */,
				B6B5B48522E8F4F7004BBF81 /* group@2x.png in Resources */,
				B68B1EC222F0D323009310A2 /* Colors.xcassets in Resources */,
				B6B5B44F22E77A55004BBF81 /* Main.storyboard in Resources */,
				B68B1EBB22F097DE009310A2 /* Login.storyboard in Resources */,
			);
			runOnlyForDeploymentPostprocessing = 0;
		};
/* End PBXResourcesBuildPhase section */

/* Begin PBXShellScriptBuildPhase section */
		0DC3BB5F0337FF0C04672334 /* [CP] Check Pods Manifest.lock */ = {
			isa = PBXShellScriptBuildPhase;
			buildActionMask = 2147483647;
			files = (
			);
			inputFileListPaths = (
			);
			inputPaths = (
				"${PODS_PODFILE_DIR_PATH}/Podfile.lock",
				"${PODS_ROOT}/Manifest.lock",
			);
			name = "[CP] Check Pods Manifest.lock";
			outputFileListPaths = (
			);
			outputPaths = (
				"$(DERIVED_FILE_DIR)/Pods-mm-app-ios-checkManifestLockResult.txt",
			);
			runOnlyForDeploymentPostprocessing = 0;
			shellPath = /bin/sh;
			shellScript = "diff \"${PODS_PODFILE_DIR_PATH}/Podfile.lock\" \"${PODS_ROOT}/Manifest.lock\" > /dev/null\nif [ $? != 0 ] ; then\n    # print error to STDERR\n    echo \"error: The sandbox is not in sync with the Podfile.lock. Run 'pod install' or update your CocoaPods installation.\" >&2\n    exit 1\nfi\n# This output is used by Xcode 'outputs' to avoid re-running this script phase.\necho \"SUCCESS\" > \"${SCRIPT_OUTPUT_FILE_0}\"\n";
			showEnvVarsInLog = 0;
		};
		9026260C54356C14D4A5CDD8 /* [CP] Embed Pods Frameworks */ = {
			isa = PBXShellScriptBuildPhase;
			buildActionMask = 2147483647;
			files = (
			);
			inputFileListPaths = (
				"${PODS_ROOT}/Target Support Files/Pods-mm-app-ios/Pods-mm-app-ios-frameworks-${CONFIGURATION}-input-files.xcfilelist",
			);
			name = "[CP] Embed Pods Frameworks";
			outputFileListPaths = (
				"${PODS_ROOT}/Target Support Files/Pods-mm-app-ios/Pods-mm-app-ios-frameworks-${CONFIGURATION}-output-files.xcfilelist",
			);
			runOnlyForDeploymentPostprocessing = 0;
			shellPath = /bin/sh;
			shellScript = "\"${PODS_ROOT}/Target Support Files/Pods-mm-app-ios/Pods-mm-app-ios-frameworks.sh\"\n";
			showEnvVarsInLog = 0;
		};
/* End PBXShellScriptBuildPhase section */

/* Begin PBXSourcesBuildPhase section */
		B6B5B44222E77A55004BBF81 /* Sources */ = {
			isa = PBXSourcesBuildPhase;
			buildActionMask = 2147483647;
			files = (
				B6B5B48722E8FC75004BBF81 /* LoginViewController.swift in Sources */,
				B6B5B44C22E77A55004BBF81 /* HomeViewController.swift in Sources */,
				B69DC2E222EB3E6500C8F142 /* SpringTextView.swift in Sources */,
				B6B5B44A22E77A55004BBF81 /* AppDelegate.swift in Sources */,
				B69DC2D922EB3DBC00C8F142 /* SpringAnimation.swift in Sources */,
				B68B1EBF22F09FFD009310A2 /* TesteStoryView.swift in Sources */,
				B69DC2D522EB3D1600C8F142 /* SpringButtom.swift in Sources */,
				B69DC2E422EB3E9300C8F142 /* SpringView.swift in Sources */,
				B6B74ACD22E9D571001261B3 /* ValidationViewController.swift in Sources */,
				B6B5B45222E77A55004BBF81 /* mm_app_ios.xcdatamodeld in Sources */,
				B68B1EE922F0E6D3009310A2 /* RxTheme+.swift in Sources */,
				B68B1EC422F0D4DD009310A2 /* DarkThemeViewController.swift in Sources */,
				B6B5B45F22E77C16004BBF81 /* MenuViewController.swift in Sources */,
				B69DC2D722EB3D8C00C8F142 /* Spring.swift in Sources */,
				B69DC2DE22EB3E1400C8F142 /* SpringLabel.swift in Sources */,
				B69DC2DB22EB3DE300C8F142 /* SpringImageView.swift in Sources */,
				B69DC2CA22EA0A5C00C8F142 /* UserTermViewController.swift in Sources */,
				B69DC2E022EB3E3A00C8F142 /* SpringTextField.swift in Sources */,
				B68B1EC622F0D849009310A2 /* Theme.swift in Sources */,
				B6B74ACB22E9D455001261B3 /* CadastroViewController.swift in Sources */,
				B6B5B46122E78B20004BBF81 /* SlideInTransition.swift in Sources */,
			);
			runOnlyForDeploymentPostprocessing = 0;
		};
/* End PBXSourcesBuildPhase section */

/* Begin PBXVariantGroup section */
		B6B5B44D22E77A55004BBF81 /* Main.storyboard */ = {
			isa = PBXVariantGroup;
			children = (
				B6B5B44E22E77A55004BBF81 /* Base */,
			);
			name = Main.storyboard;
			sourceTree = "<group>";
		};
		B6B5B45522E77A58004BBF81 /* LaunchScreen.storyboard */ = {
			isa = PBXVariantGroup;
			children = (
				B6B5B45622E77A58004BBF81 /* Base */,
			);
			name = LaunchScreen.storyboard;
			sourceTree = "<group>";
		};
/* End PBXVariantGroup section */

/* Begin XCBuildConfiguration section */
		B6B5B45922E77A58004BBF81 /* Debug */ = {
			isa = XCBuildConfiguration;
			buildSettings = {
				ALWAYS_SEARCH_USER_PATHS = NO;
				CLANG_ANALYZER_NONNULL = YES;
				CLANG_ANALYZER_NUMBER_OBJECT_CONVERSION = YES_AGGRESSIVE;
				CLANG_CXX_LANGUAGE_STANDARD = "gnu++14";
				CLANG_CXX_LIBRARY = "libc++";
				CLANG_ENABLE_MODULES = YES;
				CLANG_ENABLE_OBJC_ARC = YES;
				CLANG_ENABLE_OBJC_WEAK = YES;
				CLANG_WARN_BLOCK_CAPTURE_AUTORELEASING = YES;
				CLANG_WARN_BOOL_CONVERSION = YES;
				CLANG_WARN_COMMA = YES;
				CLANG_WARN_CONSTANT_CONVERSION = YES;
				CLANG_WARN_DEPRECATED_OBJC_IMPLEMENTATIONS = YES;
				CLANG_WARN_DIRECT_OBJC_ISA_USAGE = YES_ERROR;
				CLANG_WARN_DOCUMENTATION_COMMENTS = YES;
				CLANG_WARN_EMPTY_BODY = YES;
				CLANG_WARN_ENUM_CONVERSION = YES;
				CLANG_WARN_INFINITE_RECURSION = YES;
				CLANG_WARN_INT_CONVERSION = YES;
				CLANG_WARN_NON_LITERAL_NULL_CONVERSION = YES;
				CLANG_WARN_OBJC_IMPLICIT_RETAIN_SELF = YES;
				CLANG_WARN_OBJC_LITERAL_CONVERSION = YES;
				CLANG_WARN_OBJC_ROOT_CLASS = YES_ERROR;
				CLANG_WARN_RANGE_LOOP_ANALYSIS = YES;
				CLANG_WARN_STRICT_PROTOTYPES = YES;
				CLANG_WARN_SUSPICIOUS_MOVE = YES;
				CLANG_WARN_UNGUARDED_AVAILABILITY = YES_AGGRESSIVE;
				CLANG_WARN_UNREACHABLE_CODE = YES;
				CLANG_WARN__DUPLICATE_METHOD_MATCH = YES;
				CODE_SIGN_IDENTITY = "iPhone Developer";
				COPY_PHASE_STRIP = NO;
				DEBUG_INFORMATION_FORMAT = dwarf;
				ENABLE_STRICT_OBJC_MSGSEND = YES;
				ENABLE_TESTABILITY = YES;
				GCC_C_LANGUAGE_STANDARD = gnu11;
				GCC_DYNAMIC_NO_PIC = NO;
				GCC_NO_COMMON_BLOCKS = YES;
				GCC_OPTIMIZATION_LEVEL = 0;
				GCC_PREPROCESSOR_DEFINITIONS = (
					"DEBUG=1",
					"$(inherited)",
				);
				GCC_WARN_64_TO_32_BIT_CONVERSION = YES;
				GCC_WARN_ABOUT_RETURN_TYPE = YES_ERROR;
				GCC_WARN_UNDECLARED_SELECTOR = YES;
				GCC_WARN_UNINITIALIZED_AUTOS = YES_AGGRESSIVE;
				GCC_WARN_UNUSED_FUNCTION = YES;
				GCC_WARN_UNUSED_VARIABLE = YES;
				IPHONEOS_DEPLOYMENT_TARGET = 12.2;
				MTL_ENABLE_DEBUG_INFO = INCLUDE_SOURCE;
				MTL_FAST_MATH = YES;
				ONLY_ACTIVE_ARCH = YES;
				SDKROOT = iphoneos;
				SWIFT_ACTIVE_COMPILATION_CONDITIONS = DEBUG;
				SWIFT_OPTIMIZATION_LEVEL = "-Onone";
			};
			name = Debug;
		};
		B6B5B45A22E77A58004BBF81 /* Release */ = {
			isa = XCBuildConfiguration;
			buildSettings = {
				ALWAYS_SEARCH_USER_PATHS = NO;
				CLANG_ANALYZER_NONNULL = YES;
				CLANG_ANALYZER_NUMBER_OBJECT_CONVERSION = YES_AGGRESSIVE;
				CLANG_CXX_LANGUAGE_STANDARD = "gnu++14";
				CLANG_CXX_LIBRARY = "libc++";
				CLANG_ENABLE_MODULES = YES;
				CLANG_ENABLE_OBJC_ARC = YES;
				CLANG_ENABLE_OBJC_WEAK = YES;
				CLANG_WARN_BLOCK_CAPTURE_AUTORELEASING = YES;
				CLANG_WARN_BOOL_CONVERSION = YES;
				CLANG_WARN_COMMA = YES;
				CLANG_WARN_CONSTANT_CONVERSION = YES;
				CLANG_WARN_DEPRECATED_OBJC_IMPLEMENTATIONS = YES;
				CLANG_WARN_DIRECT_OBJC_ISA_USAGE = YES_ERROR;
				CLANG_WARN_DOCUMENTATION_COMMENTS = YES;
				CLANG_WARN_EMPTY_BODY = YES;
				CLANG_WARN_ENUM_CONVERSION = YES;
				CLANG_WARN_INFINITE_RECURSION = YES;
				CLANG_WARN_INT_CONVERSION = YES;
				CLANG_WARN_NON_LITERAL_NULL_CONVERSION = YES;
				CLANG_WARN_OBJC_IMPLICIT_RETAIN_SELF = YES;
				CLANG_WARN_OBJC_LITERAL_CONVERSION = YES;
				CLANG_WARN_OBJC_ROOT_CLASS = YES_ERROR;
				CLANG_WARN_RANGE_LOOP_ANALYSIS = YES;
				CLANG_WARN_STRICT_PROTOTYPES = YES;
				CLANG_WARN_SUSPICIOUS_MOVE = YES;
				CLANG_WARN_UNGUARDED_AVAILABILITY = YES_AGGRESSIVE;
				CLANG_WARN_UNREACHABLE_CODE = YES;
				CLANG_WARN__DUPLICATE_METHOD_MATCH = YES;
				CODE_SIGN_IDENTITY = "iPhone Developer";
				COPY_PHASE_STRIP = NO;
				DEBUG_INFORMATION_FORMAT = "dwarf-with-dsym";
				ENABLE_NS_ASSERTIONS = NO;
				ENABLE_STRICT_OBJC_MSGSEND = YES;
				GCC_C_LANGUAGE_STANDARD = gnu11;
				GCC_NO_COMMON_BLOCKS = YES;
				GCC_WARN_64_TO_32_BIT_CONVERSION = YES;
				GCC_WARN_ABOUT_RETURN_TYPE = YES_ERROR;
				GCC_WARN_UNDECLARED_SELECTOR = YES;
				GCC_WARN_UNINITIALIZED_AUTOS = YES_AGGRESSIVE;
				GCC_WARN_UNUSED_FUNCTION = YES;
				GCC_WARN_UNUSED_VARIABLE = YES;
				IPHONEOS_DEPLOYMENT_TARGET = 12.2;
				MTL_ENABLE_DEBUG_INFO = NO;
				MTL_FAST_MATH = YES;
				SDKROOT = iphoneos;
				SWIFT_COMPILATION_MODE = wholemodule;
				SWIFT_OPTIMIZATION_LEVEL = "-O";
				VALIDATE_PRODUCT = YES;
			};
			name = Release;
		};
		B6B5B45C22E77A58004BBF81 /* Debug */ = {
			isa = XCBuildConfiguration;
			baseConfigurationReference = 80F0A74DCB9F3FEFD5D974CA /* Pods-mm-app-ios.debug.xcconfig */;
			buildSettings = {
				ASSETCATALOG_COMPILER_APPICON_NAME = AppIcon;
				CODE_SIGN_STYLE = Automatic;
				DEVELOPMENT_TEAM = JFLZRURJB2;
				INFOPLIST_FILE = "mm-app-ios/Info.plist";
				LD_RUNPATH_SEARCH_PATHS = (
					"$(inherited)",
					"@executable_path/Frameworks",
				);
				PRODUCT_BUNDLE_IDENTIFIER = com.megaleios.mm;
				PRODUCT_NAME = "$(TARGET_NAME)";
				SWIFT_VERSION = 5.0;
				TARGETED_DEVICE_FAMILY = "1,2";
			};
			name = Debug;
		};
		B6B5B45D22E77A58004BBF81 /* Release */ = {
			isa = XCBuildConfiguration;
			baseConfigurationReference = 834153118F4E1737552448B1 /* Pods-mm-app-ios.release.xcconfig */;
			buildSettings = {
				ASSETCATALOG_COMPILER_APPICON_NAME = AppIcon;
				CODE_SIGN_STYLE = Automatic;
				DEVELOPMENT_TEAM = JFLZRURJB2;
				INFOPLIST_FILE = "mm-app-ios/Info.plist";
				LD_RUNPATH_SEARCH_PATHS = (
					"$(inherited)",
					"@executable_path/Frameworks",
				);
				PRODUCT_BUNDLE_IDENTIFIER = com.megaleios.mm;
				PRODUCT_NAME = "$(TARGET_NAME)";
				SWIFT_VERSION = 5.0;
				TARGETED_DEVICE_FAMILY = "1,2";
			};
			name = Release;
		};
/* End XCBuildConfiguration section */

/* Begin XCConfigurationList section */
		B6B5B44122E77A55004BBF81 /* Build configuration list for PBXProject "mm-app-ios" */ = {
			isa = XCConfigurationList;
			buildConfigurations = (
				B6B5B45922E77A58004BBF81 /* Debug */,
				B6B5B45A22E77A58004BBF81 /* Release */,
			);
			defaultConfigurationIsVisible = 0;
			defaultConfigurationName = Release;
		};
		B6B5B45B22E77A58004BBF81 /* Build configuration list for PBXNativeTarget "mm-app-ios" */ = {
			isa = XCConfigurationList;
			buildConfigurations = (
				B6B5B45C22E77A58004BBF81 /* Debug */,
				B6B5B45D22E77A58004BBF81 /* Release */,
			);
			defaultConfigurationIsVisible = 0;
			defaultConfigurationName = Release;
		};
/* End XCConfigurationList section */

/* Begin XCVersionGroup section */
		B6B5B45022E77A55004BBF81 /* mm_app_ios.xcdatamodeld */ = {
			isa = XCVersionGroup;
			children = (
				B6B5B45122E77A55004BBF81 /* mm_app_ios.xcdatamodel */,
			);
			currentVersion = B6B5B45122E77A55004BBF81 /* mm_app_ios.xcdatamodel */;
			path = mm_app_ios.xcdatamodeld;
			sourceTree = "<group>";
			versionGroupType = wrapper.xcdatamodel;
		};
/* End XCVersionGroup section */
	};
	rootObject = B6B5B43E22E77A55004BBF81 /* Project object */;
}
